{
  "object": {
    "pins": [
      {
        "package": "swift-argument-parser",
        "repositoryURL": "https://github.com/apple/swift-argument-parser",
        "state": {
          "branch": null,
          "revision": "223d62adc52d51669ae2ee19bdb8b7d9fd6fcd9c",
          "version": "0.0.6"
        }
      },
      {
        "package": "Swift-BigInt",
        "repositoryURL": "https://github.com/MDooley47/Swift-BigInt/",
        "state": {
          "branch": "master",
          "revision": "6dd71b5367fa95c82687e7b33964366d074dbbaa",
          "version": null
        }
      }
    ]
  },
  "version": 1
}
